
Microsoft Visual Studio Solution File, Format Version 12.00
# Visual Studio 14
VisualStudioVersion = 14.0.23107.0
MinimumVisualStudioVersion = 10.0.40219.1
Project("{FAE04EC0-301F-11D3-BF4B-00C04F79EFBC}") = "ACM", "ACM\ACM.csproj", "{71FABB45-979C-417D-912B-515A9391DF7C}"
EndProject
Project("{FAE04EC0-301F-11D3-BF4B-00C04F79EFBC}") = "ACM.BL.TEST", "ACM.BL.TEST\ACM.BL.TEST.csproj", "{18EB8B30-AC4B-483D-9E83-1B7E1C9ECD86}"
EndProject
Project("{FAE04EC0-301F-11D3-BF4B-00C04F79EFBC}") = "ACM.Library", "ACM.Library\ACM.Library.csproj", "{BDA2C5F8-792D-469B-B254-8B872AC489AB}"
EndProject
Project("{FAE04EC0-301F-11D3-BF4B-00C04F79EFBC}") = "ACM.LibaryTest", "ACM.LibaryTest\ACM.LibaryTest.csproj", "{91A0C690-C96F-4D77-9F86-A8D018F4FB34}"
EndProject
Project("{FAE04EC0-301F-11D3-BF4B-00C04F79EFBC}") = "ACM.Win", "ACM.Win\ACM.Win.csproj", "{A344083D-CB42-4E1C-B62E-D9C514338BAF}"
EndProject
Project("{FAE04EC0-301F-11D3-BF4B-00C04F79EFBC}") = "ACM.WPF", "ACM.WPF\ACM.WPF.csproj", "{C4C968C2-45A1-4D71-9DBD-C472D3759324}"
EndProject
Global
	GlobalSection(SolutionConfigurationPlatforms) = preSolution
		Debug|Any CPU = Debug|Any CPU
		Release|Any CPU = Release|Any CPU
	EndGlobalSection
	GlobalSection(ProjectConfigurationPlatforms) = postSolution
		{71FABB45-979C-417D-912B-515A9391DF7C}.Debug|Any CPU.ActiveCfg = Debug|Any CPU
		{71FABB45-979C-417D-912B-515A9391DF7C}.Debug|Any CPU.Build.0 = Debug|Any CPU
		{71FABB45-979C-417D-912B-515A9391DF7C}.Release|Any CPU.ActiveCfg = Release|Any CPU
		{71FABB45-979C-417D-912B-515A9391DF7C}.Release|Any CPU.Build.0 = Release|Any CPU
		{18EB8B30-AC4B-483D-9E83-1B7E1C9ECD86}.Debug|Any CPU.ActiveCfg = Debug|Any CPU
		{18EB8B30-AC4B-483D-9E83-1B7E1C9ECD86}.Debug|Any CPU.Build.0 = Debug|Any CPU
		{18EB8B30-AC4B-483D-9E83-1B7E1C9ECD86}.Release|Any CPU.ActiveCfg = Release|Any CPU
		{18EB8B30-AC4B-483D-9E83-1B7E1C9ECD86}.Release|Any CPU.Build.0 = Release|Any CPU
		{BDA2C5F8-792D-469B-B254-8B872AC489AB}.Debug|Any CPU.ActiveCfg = Debug|Any CPU
		{BDA2C5F8-792D-469B-B254-8B872AC489AB}.Debug|Any CPU.Build.0 = Debug|Any CPU
		{BDA2C5F8-792D-469B-B254-8B872AC489AB}.Release|Any CPU.ActiveCfg = Release|Any CPU
		{BDA2C5F8-792D-469B-B254-8B872AC489AB}.Release|Any CPU.Build.0 = Release|Any CPU
		{91A0C690-C96F-4D77-9F86-A8D018F4FB34}.Debug|Any CPU.ActiveCfg = Debug|Any CPU
		{91A0C690-C96F-4D77-9F86-A8D018F4FB34}.Debug|Any CPU.Build.0 = Debug|Any CPU
		{91A0C690-C96F-4D77-9F86-A8D018F4FB34}.Release|Any CPU.ActiveCfg = Release|Any CPU
		{91A0C690-C96F-4D77-9F86-A8D018F4FB34}.Release|Any CPU.Build.0 = Release|Any CPU
		{A344083D-CB42-4E1C-B62E-D9C514338BAF}.Debug|Any CPU.ActiveCfg = Debug|Any CPU
		{A344083D-CB42-4E1C-B62E-D9C514338BAF}.Debug|Any CPU.Build.0 = Debug|Any CPU
		{A344083D-CB42-4E1C-B62E-D9C514338BAF}.Release|Any CPU.ActiveCfg = Release|Any CPU
		{A344083D-CB42-4E1C-B62E-D9C514338BAF}.Release|Any CPU.Build.0 = Release|Any CPU
		{C4C968C2-45A1-4D71-9DBD-C472D3759324}.Debug|Any CPU.ActiveCfg = Debug|Any CPU
		{C4C968C2-45A1-4D71-9DBD-C472D3759324}.Debug|Any CPU.Build.0 = Debug|Any CPU
		{C4C968C2-45A1-4D71-9DBD-C472D3759324}.Release|Any CPU.ActiveCfg = Release|Any CPU
		{C4C968C2-45A1-4D71-9DBD-C472D3759324}.Release|Any CPU.Build.0 = Release|Any CPU
	EndGlobalSection
	GlobalSection(SolutionProperties) = preSolution
		HideSolutionNode = FALSE
	EndGlobalSection
EndGlobal
